
Microsoft Visual Studio Solution File, Format Version 12.00
# Visual Studio 15
VisualStudioVersion = 15.0.28010.2041
MinimumVisualStudioVersion = 10.0.40219.1
Project("{2150E333-8FDC-42A3-9474-1A3956D46DE8}") = "docs", "docs", "{56D02A80-1BD2-45B0-A984-2691E3483BCD}"
EndProject
Project("{2150E333-8FDC-42A3-9474-1A3956D46DE8}") = "src", "src", "{53D5BE27-A678-4B2C-842F-90A8984B4702}"
EndProject
Project("{2150E333-8FDC-42A3-9474-1A3956D46DE8}") = "tests", "tests", "{5E0618C4-FC5D-4AFD-A298-16EDE3164C9D}"
EndProject
Project("{9A19103F-16F7-4668-BE54-9A1E7A4F7556}") = "DeathStart.UnitTests", "tests\DeathStar.UnitTests\DeathStart.UnitTests.csproj", "{9FB9D872-E991-48D1-B069-4F45506C3789}"
EndProject
Project("{9A19103F-16F7-4668-BE54-9A1E7A4F7556}") = "DeathStar.DummyTest", "tests\DeathStar.DummyTest\DeathStar.DummyTest.csproj", "{15557859-C572-422D-8D41-B84176FD61A2}"
EndProject
Project("{9A19103F-16F7-4668-BE54-9A1E7A4F7556}") = "DeathStar", "src\DeathStar\DeathStar.csproj", "{34894D51-EC98-4E11-A9F6-A98B35827D74}"
EndProject
Global
	GlobalSection(SolutionConfigurationPlatforms) = preSolution
		Debug|Any CPU = Debug|Any CPU
		Release|Any CPU = Release|Any CPU
	EndGlobalSection
	GlobalSection(ProjectConfigurationPlatforms) = postSolution
		{9FB9D872-E991-48D1-B069-4F45506C3789}.Debug|Any CPU.ActiveCfg = Debug|Any CPU
		{9FB9D872-E991-48D1-B069-4F45506C3789}.Debug|Any CPU.Build.0 = Debug|Any CPU
		{9FB9D872-E991-48D1-B069-4F45506C3789}.Release|Any CPU.ActiveCfg = Release|Any CPU
		{9FB9D872-E991-48D1-B069-4F45506C3789}.Release|Any CPU.Build.0 = Release|Any CPU
		{15557859-C572-422D-8D41-B84176FD61A2}.Debug|Any CPU.ActiveCfg = Debug|Any CPU
		{15557859-C572-422D-8D41-B84176FD61A2}.Debug|Any CPU.Build.0 = Debug|Any CPU
		{15557859-C572-422D-8D41-B84176FD61A2}.Release|Any CPU.ActiveCfg = Release|Any CPU
		{15557859-C572-422D-8D41-B84176FD61A2}.Release|Any CPU.Build.0 = Release|Any CPU
		{34894D51-EC98-4E11-A9F6-A98B35827D74}.Debug|Any CPU.ActiveCfg = Debug|Any CPU
		{34894D51-EC98-4E11-A9F6-A98B35827D74}.Debug|Any CPU.Build.0 = Debug|Any CPU
		{34894D51-EC98-4E11-A9F6-A98B35827D74}.Release|Any CPU.ActiveCfg = Release|Any CPU
		{34894D51-EC98-4E11-A9F6-A98B35827D74}.Release|Any CPU.Build.0 = Release|Any CPU
	EndGlobalSection
	GlobalSection(SolutionProperties) = preSolution
		HideSolutionNode = FALSE
	EndGlobalSection
	GlobalSection(NestedProjects) = preSolution
		{9FB9D872-E991-48D1-B069-4F45506C3789} = {5E0618C4-FC5D-4AFD-A298-16EDE3164C9D}
		{15557859-C572-422D-8D41-B84176FD61A2} = {5E0618C4-FC5D-4AFD-A298-16EDE3164C9D}
		{34894D51-EC98-4E11-A9F6-A98B35827D74} = {53D5BE27-A678-4B2C-842F-90A8984B4702}
	EndGlobalSection
	GlobalSection(ExtensibilityGlobals) = postSolution
		SolutionGuid = {3DC9A045-E789-44DF-9EB9-6CA0309F2CEE}
	EndGlobalSection
EndGlobal
